
Microsoft Visual Studio Solution File, Format Version 12.00
# Visual Studio Version 17
VisualStudioVersion = 17.1.32120.378
MinimumVisualStudioVersion = 10.0.40219.1
Project("{FAE04EC0-301F-11D3-BF4B-00C04F79EFBC}") = "COMOEQEPROFESSORAMIGRACAOPONTODEINTERRROGACAO", "COMOEQEPROFESSORAMIGRACAOPONTODEINTERRROGACAO\COMOEQEPROFESSORAMIGRACAOPONTODEINTERRROGACAO.csproj", "{54742067-A4FD-498E-9555-4C4CEA2034DE}"
EndProject
Global
	GlobalSection(SolutionConfigurationPlatforms) = preSolution
		Debug|Any CPU = Debug|Any CPU
		Release|Any CPU = Release|Any CPU
	EndGlobalSection
	GlobalSection(ProjectConfigurationPlatforms) = postSolution
		{54742067-A4FD-498E-9555-4C4CEA2034DE}.Debug|Any CPU.ActiveCfg = Debug|Any CPU
		{54742067-A4FD-498E-9555-4C4CEA2034DE}.Debug|Any CPU.Build.0 = Debug|Any CPU
		{54742067-A4FD-498E-9555-4C4CEA2034DE}.Release|Any CPU.ActiveCfg = Release|Any CPU
		{54742067-A4FD-498E-9555-4C4CEA2034DE}.Release|Any CPU.Build.0 = Release|Any CPU
	EndGlobalSection
	GlobalSection(SolutionProperties) = preSolution
		HideSolutionNode = FALSE
	EndGlobalSection
	GlobalSection(ExtensibilityGlobals) = postSolution
		SolutionGuid = {6ED18881-5664-45EC-9948-BCB160B84B37}
	EndGlobalSection
EndGlobal
